
Microsoft Visual Studio Solution File, Format Version 12.00
# Visual Studio Version 17
VisualStudioVersion = 17.7.34202.233
MinimumVisualStudioVersion = 10.0.40219.1
Project("{9A19103F-16F7-4668-BE54-9A1E7A4F7556}") = "eTickets.Web", "eTickets\eTickets.Web.csproj", "{43B684B1-50D9-465D-9D82-00806A7928B1}"
EndProject
Project("{FAE04EC0-301F-11D3-BF4B-00C04F79EFBC}") = "eTickets.Model", "eTickets.Model\eTickets.Model.csproj", "{28C25030-44BB-488A-A971-A2A7859D36BB}"
EndProject
Project("{FAE04EC0-301F-11D3-BF4B-00C04F79EFBC}") = "CommonHelper", "CommonHelper\CommonHelper.csproj", "{BDCBD430-7314-4B47-88E7-407C356994D4}"
EndProject
Project("{FAE04EC0-301F-11D3-BF4B-00C04F79EFBC}") = "eTickets.Repository", "eTickets.Repository\eTickets.Repository.csproj", "{57364C8D-7DAE-426A-9A1D-38C4D0F23758}"
EndProject
Project("{FAE04EC0-301F-11D3-BF4B-00C04F79EFBC}") = "eTickets.Service", "eTickets.Service\eTickets.Service.csproj", "{037FCB10-40BE-4A48-B66D-897B54022A55}"
EndProject
Global
	GlobalSection(SolutionConfigurationPlatforms) = preSolution
		Debug|Any CPU = Debug|Any CPU
		Release|Any CPU = Release|Any CPU
	EndGlobalSection
	GlobalSection(ProjectConfigurationPlatforms) = postSolution
		{43B684B1-50D9-465D-9D82-00806A7928B1}.Debug|Any CPU.ActiveCfg = Debug|Any CPU
		{43B684B1-50D9-465D-9D82-00806A7928B1}.Debug|Any CPU.Build.0 = Debug|Any CPU
		{43B684B1-50D9-465D-9D82-00806A7928B1}.Release|Any CPU.ActiveCfg = Release|Any CPU
		{43B684B1-50D9-465D-9D82-00806A7928B1}.Release|Any CPU.Build.0 = Release|Any CPU
		{28C25030-44BB-488A-A971-A2A7859D36BB}.Debug|Any CPU.ActiveCfg = Debug|Any CPU
		{28C25030-44BB-488A-A971-A2A7859D36BB}.Debug|Any CPU.Build.0 = Debug|Any CPU
		{28C25030-44BB-488A-A971-A2A7859D36BB}.Release|Any CPU.ActiveCfg = Release|Any CPU
		{28C25030-44BB-488A-A971-A2A7859D36BB}.Release|Any CPU.Build.0 = Release|Any CPU
		{BDCBD430-7314-4B47-88E7-407C356994D4}.Debug|Any CPU.ActiveCfg = Debug|Any CPU
		{BDCBD430-7314-4B47-88E7-407C356994D4}.Debug|Any CPU.Build.0 = Debug|Any CPU
		{BDCBD430-7314-4B47-88E7-407C356994D4}.Release|Any CPU.ActiveCfg = Release|Any CPU
		{BDCBD430-7314-4B47-88E7-407C356994D4}.Release|Any CPU.Build.0 = Release|Any CPU
		{57364C8D-7DAE-426A-9A1D-38C4D0F23758}.Debug|Any CPU.ActiveCfg = Debug|Any CPU
		{57364C8D-7DAE-426A-9A1D-38C4D0F23758}.Debug|Any CPU.Build.0 = Debug|Any CPU
		{57364C8D-7DAE-426A-9A1D-38C4D0F23758}.Release|Any CPU.ActiveCfg = Release|Any CPU
		{57364C8D-7DAE-426A-9A1D-38C4D0F23758}.Release|Any CPU.Build.0 = Release|Any CPU
		{037FCB10-40BE-4A48-B66D-897B54022A55}.Debug|Any CPU.ActiveCfg = Debug|Any CPU
		{037FCB10-40BE-4A48-B66D-897B54022A55}.Debug|Any CPU.Build.0 = Debug|Any CPU
		{037FCB10-40BE-4A48-B66D-897B54022A55}.Release|Any CPU.ActiveCfg = Release|Any CPU
		{037FCB10-40BE-4A48-B66D-897B54022A55}.Release|Any CPU.Build.0 = Release|Any CPU
	EndGlobalSection
	GlobalSection(SolutionProperties) = preSolution
		HideSolutionNode = FALSE
	EndGlobalSection
	GlobalSection(ExtensibilityGlobals) = postSolution
		SolutionGuid = {32111485-D650-4436-A535-A1BA7979C48C}
	EndGlobalSection
EndGlobal
